
Microsoft Visual Studio Solution File, Format Version 12.00
# Visual Studio Version 16
VisualStudioVersion = 16.0.31025.194
MinimumVisualStudioVersion = 10.0.40219.1
Project("{8BC9CEB8-8B4A-11D0-8D11-00A0C91BC942}") = "myCourses", "MyCourses\MyCourses.vcxproj", "{41B12E7D-36E5-44B9-AC5C-DC7BDEBB4873}"
EndProject
Project("{8BC9CEB8-8B4A-11D0-8D11-00A0C91BC942}") = "auth", "..\..\..\..\..\..\Dokumente\Brookes\Secure Programming\CW2\NETW7008_CW2_19131287\CR2FA\CR2FA.vcxproj", "{86BD011F-AAAE-4963-9E4A-6EDAC1B37A8E}"
EndProject
Project("{8BC9CEB8-8B4A-11D0-8D11-00A0C91BC942}") = "login", "..\..\..\..\..\..\Dokumente\Brookes\Secure Programming\CW2\NETW7008_CW2_19131287\index\index.vcxproj", "{B5E05EA8-7194-40BD-80A4-FD0FC3D16A01}"
EndProject
Project("{2150E333-8FDC-42A3-9474-1A3956D46DE8}") = "admin", "admin", "{BF011050-B62C-4ACF-BFEA-5E00BDEFD386}"
EndProject
Project("{8BC9CEB8-8B4A-11D0-8D11-00A0C91BC942}") = "menu", "..\..\..\..\..\..\Dokumente\Brookes\Secure Programming\CW2\NETW7008_CW2_19131287\menu\menu.vcxproj", "{8B804C56-96F3-4EB9-8983-07A5B6AA4B9C}"
EndProject
Project("{8BC9CEB8-8B4A-11D0-8D11-00A0C91BC942}") = "students", "..\..\..\..\..\..\Dokumente\Brookes\Secure Programming\CW2\NETW7008_CW2_19131287\students\students.vcxproj", "{BD0A7A78-5E4E-44C2-8865-F1FC8532C657}"
EndProject
Project("{8BC9CEB8-8B4A-11D0-8D11-00A0C91BC942}") = "course", "..\..\..\..\..\..\Dokumente\Brookes\Secure Programming\CW2\NETW7008_CW2_19131287\course\course.vcxproj", "{4872E616-CF23-456F-A524-B214D63C8BE3}"
EndProject
Project("{8BC9CEB8-8B4A-11D0-8D11-00A0C91BC942}") = "myCourse", "..\..\..\..\..\..\Dokumente\Brookes\Secure Programming\CW2\NETW7008_CW2_19131287\myCourse\myCourse.vcxproj", "{8E53CD20-30C0-4B2A-8FFB-A5B6045E3314}"
EndProject
Project("{2150E333-8FDC-42A3-9474-1A3956D46DE8}") = "lecturer", "lecturer", "{FF161835-2B24-4110-B48F-A017E989C46F}"
EndProject
Project("{2150E333-8FDC-42A3-9474-1A3956D46DE8}") = "register", "register", "{E3587012-7AF0-4C64-A17D-5A78BFFE0E65}"
EndProject
Project("{8BC9CEB8-8B4A-11D0-8D11-00A0C91BC942}") = "index", "..\..\..\..\..\..\Dokumente\Brookes\Secure Programming\CW2\NETW7008_CW2_19131287\register\register.vcxproj", "{25E80355-6057-4739-864C-A1F446B32D20}"
EndProject
Project("{8BC9CEB8-8B4A-11D0-8D11-00A0C91BC942}") = "confirm", "..\..\..\..\..\..\Dokumente\Brookes\Secure Programming\CW2\NETW7008_CW2_19131287\register_confirm\confirm.vcxproj", "{4BAB8A24-3E4E-448E-BD59-1D5E6C437F7B}"
EndProject
Project("{8BC9CEB8-8B4A-11D0-8D11-00A0C91BC942}") = "courses", "..\..\..\..\..\..\Dokumente\Brookes\Secure Programming\CW2\NETW7008_CW2_19131287\courses\courses.vcxproj", "{BA0020D0-E725-498B-86B2-4968B488DEEF}"
EndProject
Global
	GlobalSection(SolutionConfigurationPlatforms) = preSolution
		Debug|x64 = Debug|x64
		Debug|x86 = Debug|x86
		Release|x64 = Release|x64
		Release|x86 = Release|x86
	EndGlobalSection
	GlobalSection(ProjectConfigurationPlatforms) = postSolution
		{41B12E7D-36E5-44B9-AC5C-DC7BDEBB4873}.Debug|x64.ActiveCfg = Debug|x64
		{41B12E7D-36E5-44B9-AC5C-DC7BDEBB4873}.Debug|x64.Build.0 = Debug|x64
		{41B12E7D-36E5-44B9-AC5C-DC7BDEBB4873}.Debug|x86.ActiveCfg = Debug|Win32
		{41B12E7D-36E5-44B9-AC5C-DC7BDEBB4873}.Debug|x86.Build.0 = Debug|Win32
		{41B12E7D-36E5-44B9-AC5C-DC7BDEBB4873}.Release|x64.ActiveCfg = Release|x64
		{41B12E7D-36E5-44B9-AC5C-DC7BDEBB4873}.Release|x64.Build.0 = Release|x64
		{41B12E7D-36E5-44B9-AC5C-DC7BDEBB4873}.Release|x86.ActiveCfg = Release|Win32
		{41B12E7D-36E5-44B9-AC5C-DC7BDEBB4873}.Release|x86.Build.0 = Release|Win32
		{86BD011F-AAAE-4963-9E4A-6EDAC1B37A8E}.Debug|x64.ActiveCfg = Debug|x64
		{86BD011F-AAAE-4963-9E4A-6EDAC1B37A8E}.Debug|x64.Build.0 = Debug|x64
		{86BD011F-AAAE-4963-9E4A-6EDAC1B37A8E}.Debug|x86.ActiveCfg = Debug|Win32
		{86BD011F-AAAE-4963-9E4A-6EDAC1B37A8E}.Debug|x86.Build.0 = Debug|Win32
		{86BD011F-AAAE-4963-9E4A-6EDAC1B37A8E}.Release|x64.ActiveCfg = Release|x64
		{86BD011F-AAAE-4963-9E4A-6EDAC1B37A8E}.Release|x64.Build.0 = Release|x64
		{86BD011F-AAAE-4963-9E4A-6EDAC1B37A8E}.Release|x86.ActiveCfg = Release|Win32
		{86BD011F-AAAE-4963-9E4A-6EDAC1B37A8E}.Release|x86.Build.0 = Release|Win32
		{B5E05EA8-7194-40BD-80A4-FD0FC3D16A01}.Debug|x64.ActiveCfg = Debug|x64
		{B5E05EA8-7194-40BD-80A4-FD0FC3D16A01}.Debug|x64.Build.0 = Debug|x64
		{B5E05EA8-7194-40BD-80A4-FD0FC3D16A01}.Debug|x86.ActiveCfg = Debug|Win32
		{B5E05EA8-7194-40BD-80A4-FD0FC3D16A01}.Debug|x86.Build.0 = Debug|Win32
		{B5E05EA8-7194-40BD-80A4-FD0FC3D16A01}.Release|x64.ActiveCfg = Release|x64
		{B5E05EA8-7194-40BD-80A4-FD0FC3D16A01}.Release|x64.Build.0 = Release|x64
		{B5E05EA8-7194-40BD-80A4-FD0FC3D16A01}.Release|x86.ActiveCfg = Release|Win32
		{B5E05EA8-7194-40BD-80A4-FD0FC3D16A01}.Release|x86.Build.0 = Release|Win32
		{8B804C56-96F3-4EB9-8983-07A5B6AA4B9C}.Debug|x64.ActiveCfg = Debug|x64
		{8B804C56-96F3-4EB9-8983-07A5B6AA4B9C}.Debug|x64.Build.0 = Debug|x64
		{8B804C56-96F3-4EB9-8983-07A5B6AA4B9C}.Debug|x86.ActiveCfg = Debug|Win32
		{8B804C56-96F3-4EB9-8983-07A5B6AA4B9C}.Debug|x86.Build.0 = Debug|Win32
		{8B804C56-96F3-4EB9-8983-07A5B6AA4B9C}.Release|x64.ActiveCfg = Release|x64
		{8B804C56-96F3-4EB9-8983-07A5B6AA4B9C}.Release|x64.Build.0 = Release|x64
		{8B804C56-96F3-4EB9-8983-07A5B6AA4B9C}.Release|x86.ActiveCfg = Release|Win32
		{8B804C56-96F3-4EB9-8983-07A5B6AA4B9C}.Release|x86.Build.0 = Release|Win32
		{BD0A7A78-5E4E-44C2-8865-F1FC8532C657}.Debug|x64.ActiveCfg = Debug|x64
		{BD0A7A78-5E4E-44C2-8865-F1FC8532C657}.Debug|x64.Build.0 = Debug|x64
		{BD0A7A78-5E4E-44C2-8865-F1FC8532C657}.Debug|x86.ActiveCfg = Debug|Win32
		{BD0A7A78-5E4E-44C2-8865-F1FC8532C657}.Debug|x86.Build.0 = Debug|Win32
		{BD0A7A78-5E4E-44C2-8865-F1FC8532C657}.Release|x64.ActiveCfg = Release|x64
		{BD0A7A78-5E4E-44C2-8865-F1FC8532C657}.Release|x64.Build.0 = Release|x64
		{BD0A7A78-5E4E-44C2-8865-F1FC8532C657}.Release|x86.ActiveCfg = Release|Win32
		{BD0A7A78-5E4E-44C2-8865-F1FC8532C657}.Release|x86.Build.0 = Release|Win32
		{4872E616-CF23-456F-A524-B214D63C8BE3}.Debug|x64.ActiveCfg = Debug|x64
		{4872E616-CF23-456F-A524-B214D63C8BE3}.Debug|x64.Build.0 = Debug|x64
		{4872E616-CF23-456F-A524-B214D63C8BE3}.Debug|x86.ActiveCfg = Debug|Win32
		{4872E616-CF23-456F-A524-B214D63C8BE3}.Debug|x86.Build.0 = Debug|Win32
		{4872E616-CF23-456F-A524-B214D63C8BE3}.Release|x64.ActiveCfg = Release|x64
		{4872E616-CF23-456F-A524-B214D63C8BE3}.Release|x64.Build.0 = Release|x64
		{4872E616-CF23-456F-A524-B214D63C8BE3}.Release|x86.ActiveCfg = Release|Win32
		{4872E616-CF23-456F-A524-B214D63C8BE3}.Release|x86.Build.0 = Release|Win32
		{8E53CD20-30C0-4B2A-8FFB-A5B6045E3314}.Debug|x64.ActiveCfg = Debug|x64
		{8E53CD20-30C0-4B2A-8FFB-A5B6045E3314}.Debug|x64.Build.0 = Debug|x64
		{8E53CD20-30C0-4B2A-8FFB-A5B6045E3314}.Debug|x86.ActiveCfg = Debug|Win32
		{8E53CD20-30C0-4B2A-8FFB-A5B6045E3314}.Debug|x86.Build.0 = Debug|Win32
		{8E53CD20-30C0-4B2A-8FFB-A5B6045E3314}.Release|x64.ActiveCfg = Release|x64
		{8E53CD20-30C0-4B2A-8FFB-A5B6045E3314}.Release|x64.Build.0 = Release|x64
		{8E53CD20-30C0-4B2A-8FFB-A5B6045E3314}.Release|x86.ActiveCfg = Release|Win32
		{8E53CD20-30C0-4B2A-8FFB-A5B6045E3314}.Release|x86.Build.0 = Release|Win32
		{25E80355-6057-4739-864C-A1F446B32D20}.Debug|x64.ActiveCfg = Debug|x64
		{25E80355-6057-4739-864C-A1F446B32D20}.Debug|x64.Build.0 = Debug|x64
		{25E80355-6057-4739-864C-A1F446B32D20}.Debug|x86.ActiveCfg = Debug|Win32
		{25E80355-6057-4739-864C-A1F446B32D20}.Debug|x86.Build.0 = Debug|Win32
		{25E80355-6057-4739-864C-A1F446B32D20}.Release|x64.ActiveCfg = Release|x64
		{25E80355-6057-4739-864C-A1F446B32D20}.Release|x64.Build.0 = Release|x64
		{25E80355-6057-4739-864C-A1F446B32D20}.Release|x86.ActiveCfg = Release|Win32
		{25E80355-6057-4739-864C-A1F446B32D20}.Release|x86.Build.0 = Release|Win32
		{4BAB8A24-3E4E-448E-BD59-1D5E6C437F7B}.Debug|x64.ActiveCfg = Debug|x64
		{4BAB8A24-3E4E-448E-BD59-1D5E6C437F7B}.Debug|x64.Build.0 = Debug|x64
		{4BAB8A24-3E4E-448E-BD59-1D5E6C437F7B}.Debug|x86.ActiveCfg = Debug|Win32
		{4BAB8A24-3E4E-448E-BD59-1D5E6C437F7B}.Debug|x86.Build.0 = Debug|Win32
		{4BAB8A24-3E4E-448E-BD59-1D5E6C437F7B}.Release|x64.ActiveCfg = Release|x64
		{4BAB8A24-3E4E-448E-BD59-1D5E6C437F7B}.Release|x64.Build.0 = Release|x64
		{4BAB8A24-3E4E-448E-BD59-1D5E6C437F7B}.Release|x86.ActiveCfg = Release|Win32
		{4BAB8A24-3E4E-448E-BD59-1D5E6C437F7B}.Release|x86.Build.0 = Release|Win32
		{BA0020D0-E725-498B-86B2-4968B488DEEF}.Debug|x64.ActiveCfg = Debug|x64
		{BA0020D0-E725-498B-86B2-4968B488DEEF}.Debug|x64.Build.0 = Debug|x64
		{BA0020D0-E725-498B-86B2-4968B488DEEF}.Debug|x86.ActiveCfg = Debug|Win32
		{BA0020D0-E725-498B-86B2-4968B488DEEF}.Debug|x86.Build.0 = Debug|Win32
		{BA0020D0-E725-498B-86B2-4968B488DEEF}.Release|x64.ActiveCfg = Release|x64
		{BA0020D0-E725-498B-86B2-4968B488DEEF}.Release|x64.Build.0 = Release|x64
		{BA0020D0-E725-498B-86B2-4968B488DEEF}.Release|x86.ActiveCfg = Release|Win32
		{BA0020D0-E725-498B-86B2-4968B488DEEF}.Release|x86.Build.0 = Release|Win32
	EndGlobalSection
	GlobalSection(SolutionProperties) = preSolution
		HideSolutionNode = FALSE
	EndGlobalSection
	GlobalSection(NestedProjects) = preSolution
		{41B12E7D-36E5-44B9-AC5C-DC7BDEBB4873} = {FF161835-2B24-4110-B48F-A017E989C46F}
		{8B804C56-96F3-4EB9-8983-07A5B6AA4B9C} = {BF011050-B62C-4ACF-BFEA-5E00BDEFD386}
		{BD0A7A78-5E4E-44C2-8865-F1FC8532C657} = {BF011050-B62C-4ACF-BFEA-5E00BDEFD386}
		{4872E616-CF23-456F-A524-B214D63C8BE3} = {BF011050-B62C-4ACF-BFEA-5E00BDEFD386}
		{8E53CD20-30C0-4B2A-8FFB-A5B6045E3314} = {FF161835-2B24-4110-B48F-A017E989C46F}
		{25E80355-6057-4739-864C-A1F446B32D20} = {E3587012-7AF0-4C64-A17D-5A78BFFE0E65}
		{4BAB8A24-3E4E-448E-BD59-1D5E6C437F7B} = {E3587012-7AF0-4C64-A17D-5A78BFFE0E65}
		{BA0020D0-E725-498B-86B2-4968B488DEEF} = {BF011050-B62C-4ACF-BFEA-5E00BDEFD386}
	EndGlobalSection
	GlobalSection(ExtensibilityGlobals) = postSolution
		SolutionGuid = {7E0E6AF0-CBC5-49B2-A2CF-0BFFB5526215}
	EndGlobalSection
EndGlobal
